PODS:
  - Flutter (1.0.0)
  - flutter_ble_peripheral_slave (2.4.2):
    - Flutter
    - FlutterMacOS

DEPENDENCIES:
  - Flutter (from `Flutter`)
  - flutter_ble_peripheral_slave (from `.symlinks/plugins/flutter_ble_peripheral_slave/darwin`)

EXTERNAL SOURCES:
  Flutter:
    :path: Flutter
  flutter_ble_peripheral_slave:
    :path: ".symlinks/plugins/flutter_ble_peripheral_slave/darwin"

SPEC CHECKSUMS:
  Flutter: cabc95a1d2626b1b06e7179b784ebcf0c0cde467
  flutter_ble_peripheral_slave: e54eee23274b0703176e3256e9af66b18f10ac33

PODFILE CHECKSUM: 3c63482e143d1b91d2d2560aee9fb04ecc74ac7e

COCOAPODS: 1.16.2
