PODS:
  - ble_peripheral (0.0.1):
    - Flutter
    - FlutterMacOS
  - FlutterMacOS (1.0.0)

DEPENDENCIES:
  - ble_peripheral (from `Flutter/ephemeral/.symlinks/plugins/ble_peripheral/darwin`)
  - FlutterMacOS (from `Flutter/ephemeral`)

EXTERNAL SOURCES:
  ble_peripheral:
    :path: Flutter/ephemeral/.symlinks/plugins/ble_peripheral/darwin
  FlutterMacOS:
    :path: Flutter/ephemeral

SPEC CHECKSUMS:
  ble_peripheral: e80b0809599f5406e5d321c12a6dbc07ecdab8bd
  FlutterMacOS: 8f6f14fa908a6fb3fba0cd85dbd81ec4b251fb24

PODFILE CHECKSUM: 236401fc2c932af29a9fcf0e97baeeb2d750d367

COCOAPODS: 1.15.2
